// !$*UTF8*$!
{
	archiveVersion = 1;
	classes = {
	};
	objectVersion = 77;
	objects = {

/* Begin PBXBuildFile section */
		C6D01896300E7EE600002D72 /* BankAuth in Frameworks */ = {isa = PBXBuildFile; productRef = C6D01895300E7EE600002D72 /* BankAuth */; };
		C6D0189F300E800700002D72 /* BankNetworking in Frameworks */ = {isa = PBXBuildFile; productRef = C6D0189E300E800700002D72 /* BankNetworking */; };
		C6D018A1300E801200002D72 /* BankDesign in Frameworks */ = {isa = PBXBuildFile; productRef = C6D018A0300E801200002D72 /* BankDesign */; };
		C6D018A3300E801B00002D72 /* BankCore in Frameworks */ = {isa = PBXBuildFile; productRef = C6D018A2300E801B00002D72 /* BankCore */; };
/* End PBXBuildFile section */

/* Begin PBXContainerItemProxy section */
		C669AD2D30071A8F00288310 /* PBXContainerItemProxy */ = {
			isa = PBXContainerItemProxy;
			containerPortal = C669AD1730071A8D00288310 /* Project object */;
			proxyType = 1;
			remoteGlobalIDString = C669AD1E30071A8D00288310;
			remoteInfo = BankSmartAI;
		};
		C669AD3730071A8F00288310 /* PBXContainerItemProxy */ = {
			isa = PBXContainerItemProxy;
			containerPortal = C669AD1730071A8D00288310 /* Project object */;
			proxyType = 1;
			remoteGlobalIDString = C669AD1E30071A8D00288310;
			remoteInfo = BankSmartAI;
		};
/* End PBXContainerItemProxy section */

/* Begin PBXCopyFilesBuildPhase section */
		C6D0189A300E7F1C00002D72 /* Embed PlugIns */ = {
			isa = PBXCopyFilesBuildPhase;
			buildActionMask = 2147483647;
			dstPath = "";
			dstSubfolderSpec = 13;
			files = (
			);
			name = "Embed PlugIns";
			runOnlyForDeploymentPostprocessing = 0;
		};
/* End PBXCopyFilesBuildPhase section */

/* Begin PBXFileReference section */
		C669AD1F30071A8D00288310 /* BankSmartAI.app */ = {isa = PBXFileReference; explicitFileType = wrapper.application; includeInIndex = 0; path = BankSmartAI.app; sourceTree = BUILT_PRODUCTS_DIR; };
		C669AD2C30071A8F00288310 /* BankSmartAITests.xctest */ = {isa = PBXFileReference; explicitFileType = wrapper.cfbundle; includeInIndex = 0; path = BankSmartAITests.xctest; sourceTree = BUILT_PRODUCTS_DIR; };
		C669AD3630071A8F00288310 /* BankSmartAIUITests.xctest */ = {isa = PBXFileReference; explicitFileType = wrapper.cfbundle; includeInIndex = 0; path = BankSmartAIUITests.xctest; sourceTree = BUILT_PRODUCTS_DIR; };
		C6D018AE300E9B4D00002D72 /* Secrets.xcconfig */ = {isa = PBXFileReference; lastKnownFileType = text.xcconfig; path = Secrets.xcconfig; sourceTree = "<group>"; };
/* End PBXFileReference section */

/* Begin PBXFileSystemSynchronizedBuildFileExceptionSet section */
		C6D018C7300EA04100002D72 /* Exceptions for "BankSmartAI" folder in "BankSmartAI" target */ = {
			isa = PBXFileSystemSynchronizedBuildFileExceptionSet;
			membershipExceptions = (
				Info.plist,
			);
			target = C669AD1E30071A8D00288310 /* BankSmartAI */;
		};
/* End PBXFileSystemSynchronizedBuildFileExceptionSet section */

/* Begin PBXFileSystemSynchronizedRootGroup section */
		C669AD2130071A8D00288310 /* BankSmartAI */ = {
			isa = PBXFileSystemSynchronizedRootGroup;
			exceptions = (
				C6D018C7300EA04100002D72 /* Exceptions for "BankSmartAI" folder in "BankSmartAI" target */,
			);
			path = BankSmartAI;
			sourceTree = "<group>";
		};
		C669AD2F30071A8F00288310 /* BankSmartAITests */ = {
			isa = PBXFileSystemSynchronizedRootGroup;
			path = BankSmartAITests;
			sourceTree = "<group>";
		};
		C669AD3930071A8F00288310 /* BankSmartAIUITests */ = {
			isa = PBXFileSystemSynchronizedRootGroup;
			path = BankSmartAIUITests;
			sourceTree = "<group>";
		};
/* End PBXFileSystemSynchronizedRootGroup section */

/* Begin PBXFrameworksBuildPhase section */
		C669AD1C30071A8D00288310 /* Frameworks */ = {
			isa = PBXFrameworksBuildPhase;
			buildActionMask = 2147483647;
			files = (
				C6D018A1300E801200002D72 /* BankDesign in Frameworks */,
				C6D018A3300E801B00002D72 /* BankCore in Frameworks */,
				C6D0189F300E800700002D72 /* BankNetworking in Frameworks */,
				C6D01896300E7EE600002D72 /* BankAuth in Frameworks */,
			);
			runOnlyForDeploymentPostprocessing = 0;
		};
		C669AD2930071A8F00288310 /* Frameworks */ = {
			isa = PBXFrameworksBuildPhase;
			buildActionMask = 2147483647;
			files = (
			);
			runOnlyForDeploymentPostprocessing = 0;
		};
		C669AD3330071A8F00288310 /* Frameworks */ = {
			isa = PBXFrameworksBuildPhase;
			buildActionMask = 2147483647;
			files = (
			);
			runOnlyForDeploymentPostprocessing = 0;
		};
/* End PBXFrameworksBuildPhase section */

/* Begin PBXGroup section */
		C669AD1630071A8D00288310 = {
			isa = PBXGroup;
			children = (
				C6D018AE300E9B4D00002D72 /* Secrets.xcconfig */,
				C669AD2130071A8D00288310 /* BankSmartAI */,
				C669AD2F30071A8F00288310 /* BankSmartAITests */,
				C669AD3930071A8F00288310 /* BankSmartAIUITests */,
				C6D01894300E7EE600002D72 /* Frameworks */,
				C669AD2030071A8D00288310 /* Products */,
			);
			sourceTree = "<group>";
		};
		C669AD2030071A8D00288310 /* Products */ = {
			isa = PBXGroup;
			children = (
				C669AD1F30071A8D00288310 /* BankSmartAI.app */,
				C669AD2C30071A8F00288310 /* BankSmartAITests.xctest */,
				C669AD3630071A8F00288310 /* BankSmartAIUITests.xctest */,
			);
			name = Products;
			sourceTree = "<group>";
		};
		C6D01894300E7EE600002D72 /* Frameworks */ = {
			isa = PBXGroup;
			children = (
			);
			name = Frameworks;
			sourceTree = "<group>";
		};
/* End PBXGroup section */

/* Begin PBXNativeTarget section */
		C669AD1E30071A8D00288310 /* BankSmartAI */ = {
			isa = PBXNativeTarget;
			buildConfigurationList = C669AD4030071A8F00288310 /* Build configuration list for PBXNativeTarget "BankSmartAI" */;
			buildPhases = (
				C669AD1B30071A8D00288310 /* Sources */,
				C669AD1C30071A8D00288310 /* Frameworks */,
				C669AD1D30071A8D00288310 /* Resources */,
				C6D0189A300E7F1C00002D72 /* Embed PlugIns */,
			);
			buildRules = (
			);
			dependencies = (
			);
			fileSystemSynchronizedGroups = (
				C669AD2130071A8D00288310 /* BankSmartAI */,
			);
			name = BankSmartAI;
			packageProductDependencies = (
				C6D01895300E7EE600002D72 /* BankAuth */,
				C6D0189E300E800700002D72 /* BankNetworking */,
				C6D018A0300E801200002D72 /* BankDesign */,
				C6D018A2300E801B00002D72 /* BankCore */,
			);
			productName = BankSmartAI;
			productReference = C669AD1F30071A8D00288310 /* BankSmartAI.app */;
			productType = "com.apple.product-type.application";
		};
		C669AD2B30071A8F00288310 /* BankSmartAITests */ = {
			isa = PBXNativeTarget;
			buildConfigurationList = C669AD4330071A8F00288310 /* Build configuration list for PBXNativeTarget "BankSmartAITests" */;
			buildPhases = (
				C669AD2830071A8F00288310 /* Sources */,
				C669AD2930071A8F00288310 /* Frameworks */,
				C669AD2A30071A8F00288310 /* Resources */,
			);
			buildRules = (
			);
			dependencies = (
				C669AD2E30071A8F00288310 /* PBXTargetDependency */,
			);
			fileSystemSynchronizedGroups = (
				C669AD2F30071A8F00288310 /* BankSmartAITests */,
			);
			name = BankSmartAITests;
			packageProductDependencies = (
			);
			productName = BankSmartAITests;
			productReference = C669AD2C30071A8F00288310 /* BankSmartAITests.xctest */;
			productType = "com.apple.product-type.bundle.unit-test";
		};
		C669AD3530071A8F00288310 /* BankSmartAIUITests */ = {
			isa = PBXNativeTarget;
			buildConfigurationList = C669AD4630071A8F00288310 /* Build configuration list for PBXNativeTarget "BankSmartAIUITests" */;
			buildPhases = (
				C669AD3230071A8F00288310 /* Sources */,
				C669AD3330071A8F00288310 /* Frameworks */,
				C669AD3430071A8F00288310 /* Resources */,
			);
			buildRules = (
			);
			dependencies = (
				C669AD3830071A8F00288310 /* PBXTargetDependency */,
			);
			fileSystemSynchronizedGroups = (
				C669AD3930071A8F00288310 /* BankSmartAIUITests */,
			);
			name = BankSmartAIUITests;
			packageProductDependencies = (
			);
			productName = BankSmartAIUITests;
			productReference = C669AD3630071A8F00288310 /* BankSmartAIUITests.xctest */;
			productType = "com.apple.product-type.bundle.ui-testing";
		};
/* End PBXNativeTarget section */

/* Begin PBXProject section */
		C669AD1730071A8D00288310 /* Project object */ = {
			isa = PBXProject;
			attributes = {
				BuildIndependentTargetsInParallel = 1;
				LastSwiftUpdateCheck = 2650;
				LastUpgradeCheck = 2650;
				TargetAttributes = {
					C669AD1E30071A8D00288310 = {
						CreatedOnToolsVersion = 26.5;
					};
					C669AD2B30071A8F00288310 = {
						CreatedOnToolsVersion = 26.5;
						TestTargetID = C669AD1E30071A8D00288310;
					};
					C669AD3530071A8F00288310 = {
						CreatedOnToolsVersion = 26.5;
						TestTargetID = C669AD1E30071A8D00288310;
					};
				};
			};
			buildConfigurationList = C669AD1A30071A8D00288310 /* Build configuration list for PBXProject "BankSmartAI" */;
			developmentRegion = en;
			hasScannedForEncodings = 0;
			knownRegions = (
				en,
				Base,
			);
			mainGroup = C669AD1630071A8D00288310;
			minimizedProjectReferenceProxies = 1;
			packageReferences = (
				C669AD5530097C4800288310 /* XCLocalSwiftPackageReference "Packages/BankNetworking" */,
				C669AD6230097D7B00288310 /* XCLocalSwiftPackageReference "Packages/BankAuth" */,
				C669AD6330097D9700288310 /* XCLocalSwiftPackageReference "Packages/BankDesign" */,
				C669AD6430097DC500288310 /* XCLocalSwiftPackageReference "Packages/BankTransfers" */,
				C669AD6530097DD900288310 /* XCLocalSwiftPackageReference "Packages/BankTreasury" */,
				C669AD663009803100288310 /* XCLocalSwiftPackageReference "Packages/BankCore" */,
			);
			preferredProjectObjectVersion = 77;
			productRefGroup = C669AD2030071A8D00288310 /* Products */;
			projectDirPath = "";
			projectRoot = "";
			targets = (
				C669AD1E30071A8D00288310 /* BankSmartAI */,
				C669AD2B30071A8F00288310 /* BankSmartAITests */,
				C669AD3530071A8F00288310 /* BankSmartAIUITests */,
			);
		};
/* End PBXProject section */

/* Begin PBXResourcesBuildPhase section */
		C669AD1D30071A8D00288310 /* Resources */ = {
			isa = PBXResourcesBuildPhase;
			buildActionMask = 2147483647;
			files = (
			);
			runOnlyForDeploymentPostprocessing = 0;
		};
		C669AD2A30071A8F00288310 /* Resources */ = {
			isa = PBXResourcesBuildPhase;
			buildActionMask = 2147483647;
			files = (
			);
			runOnlyForDeploymentPostprocessing = 0;
		};
		C669AD3430071A8F00288310 /* Resources */ = {
			isa = PBXResourcesBuildPhase;
			buildActionMask = 2147483647;
			files = (
			);
			runOnlyForDeploymentPostprocessing = 0;
		};
/* End PBXResourcesBuildPhase section */

/* Begin PBXSourcesBuildPhase section */
		C669AD1B30071A8D00288310 /* Sources */ = {
			isa = PBXSourcesBuildPhase;
			buildActionMask = 2147483647;
			files = (
			);
			runOnlyForDeploymentPostprocessing = 0;
		};
		C669AD2830071A8F00288310 /* Sources */ = {
			isa = PBXSourcesBuildPhase;
			buildActionMask = 2147483647;
			files = (
			);
			runOnlyForDeploymentPostprocessing = 0;
		};
		C669AD3230071A8F00288310 /* Sources */ = {
			isa = PBXSourcesBuildPhase;
			buildActionMask = 2147483647;
			files = (
			);
			runOnlyForDeploymentPostprocessing = 0;
		};
/* End PBXSourcesBuildPhase section */

/* Begin PBXTargetDependency section */
		C669AD2E30071A8F00288310 /* PBXTargetDependency */ = {
			isa = PBXTargetDependency;
			target = C669AD1E30071A8D00288310 /* BankSmartAI */;
			targetProxy = C669AD2D30071A8F00288310 /* PBXContainerItemProxy */;
		};
		C669AD3830071A8F00288310 /* PBXTargetDependency */ = {
			isa = PBXTargetDependency;
			target = C669AD1E30071A8D00288310 /* BankSmartAI */;
			targetProxy = C669AD3730071A8F00288310 /* PBXContainerItemProxy */;
		};
/* End PBXTargetDependency section */

/* Begin XCBuildConfiguration section */
		C669AD3E30071A8F00288310 /* Debug */ = {
			isa = XCBuildConfiguration;
			buildSettings = {
				ALWAYS_SEARCH_USER_PATHS = NO;
				ASSETCATALOG_COMPILER_GENERATE_SWIFT_ASSET_SYMBOL_EXTENSIONS = YES;
				CLANG_ANALYZER_NONNULL = YES;
				CLANG_ANALYZER_NUMBER_OBJECT_CONVERSION = YES_AGGRESSIVE;
				CLANG_CXX_LANGUAGE_STANDARD = "gnu++20";
				CLANG_ENABLE_MODULES = YES;
				CLANG_ENABLE_OBJC_ARC = YES;
				CLANG_ENABLE_OBJC_WEAK = YES;
				CLANG_WARN_BLOCK_CAPTURE_AUTORELEASING = YES;
				CLANG_WARN_BOOL_CONVERSION = YES;
				CLANG_WARN_COMMA = YES;
				CLANG_WARN_CONSTANT_CONVERSION = YES;
				CLANG_WARN_DEPRECATED_OBJC_IMPLEMENTATIONS = YES;
				CLANG_WARN_DIRECT_OBJC_ISA_USAGE = YES_ERROR;
				CLANG_WARN_DOCUMENTATION_COMMENTS = YES;
				CLANG_WARN_EMPTY_BODY = YES;
				CLANG_WARN_ENUM_CONVERSION = YES;
				CLANG_WARN_INFINITE_RECURSION = YES;
				CLANG_WARN_INT_CONVERSION = YES;
				CLANG_WARN_NON_LITERAL_NULL_CONVERSION = YES;
				CLANG_WARN_OBJC_IMPLICIT_RETAIN_SELF = YES;
				CLANG_WARN_OBJC_LITERAL_CONVERSION = YES;
				CLANG_WARN_OBJC_ROOT_CLASS = YES_ERROR;
				CLANG_WARN_QUOTED_INCLUDE_IN_FRAMEWORK_HEADER = YES;
				CLANG_WARN_RANGE_LOOP_ANALYSIS = YES;
				CLANG_WARN_STRICT_PROTOTYPES = YES;
				CLANG_WARN_SUSPICIOUS_MOVE = YES;
				CLANG_WARN_UNGUARDED_AVAILABILITY = YES_AGGRESSIVE;
				CLANG_WARN_UNREACHABLE_CODE = YES;
				CLANG_WARN__DUPLICATE_METHOD_MATCH = YES;
				COPY_PHASE_STRIP = NO;
				DEBUG_INFORMATION_FORMAT = dwarf;
				DEVELOPMENT_TEAM = 5BYCYDNA22;
				ENABLE_STRICT_OBJC_MSGSEND = YES;
				ENABLE_TESTABILITY = YES;
				ENABLE_USER_SCRIPT_SANDBOXING = YES;
				GCC_C_LANGUAGE_STANDARD = gnu17;
				GCC_DYNAMIC_NO_PIC = NO;
				GCC_NO_COMMON_BLOCKS = YES;
				GCC_OPTIMIZATION_LEVEL = 0;
				GCC_PREPROCESSOR_DEFINITIONS = (
					"DEBUG=1",
					"$(inherited)",
				);
				GCC_WARN_64_TO_32_BIT_CONVERSION = YES;
				GCC_WARN_ABOUT_RETURN_TYPE = YES_ERROR;
				GCC_WARN_UNDECLARED_SELECTOR = YES;
				GCC_WARN_UNINITIALIZED_AUTOS = YES_AGGRESSIVE;
				GCC_WARN_UNUSED_FUNCTION = YES;
				GCC_WARN_UNUSED_VARIABLE = YES;
				IPHONEOS_DEPLOYMENT_TARGET = 26.5;
				LOCALIZATION_PREFERS_STRING_CATALOGS = YES;
				MTL_ENABLE_DEBUG_INFO = INCLUDE_SOURCE;
				MTL_FAST_MATH = YES;
				ONLY_ACTIVE_ARCH = YES;
				SDKROOT = iphoneos;
				SWIFT_ACTIVE_COMPILATION_CONDITIONS = "DEBUG $(inherited)";
				SWIFT_OPTIMIZATION_LEVEL = "-Onone";
			};
			name = Debug;
		};
		C669AD3F30071A8F00288310 /* Release */ = {
			isa = XCBuildConfiguration;
			buildSettings = {
				ALWAYS_SEARCH_USER_PATHS = NO;
				ASSETCATALOG_COMPILER_GENERATE_SWIFT_ASSET_SYMBOL_EXTENSIONS = YES;
				CLANG_ANALYZER_NONNULL = YES;
				CLANG_ANALYZER_NUMBER_OBJECT_CONVERSION = YES_AGGRESSIVE;
				CLANG_CXX_LANGUAGE_STANDARD = "gnu++20";
				CLANG_ENABLE_MODULES = YES;
				CLANG_ENABLE_OBJC_ARC = YES;
				CLANG_ENABLE_OBJC_WEAK = YES;
				CLANG_WARN_BLOCK_CAPTURE_AUTORELEASING = YES;
				CLANG_WARN_BOOL_CONVERSION = YES;
				CLANG_WARN_COMMA = YES;
				CLANG_WARN_CONSTANT_CONVERSION = YES;
				CLANG_WARN_DEPRECATED_OBJC_IMPLEMENTATIONS = YES;
				CLANG_WARN_DIRECT_OBJC_ISA_USAGE = YES_ERROR;
				CLANG_WARN_DOCUMENTATION_COMMENTS = YES;
				CLANG_WARN_EMPTY_BODY = YES;
				CLANG_WARN_ENUM_CONVERSION = YES;
				CLANG_WARN_INFINITE_RECURSION = YES;
				CLANG_WARN_INT_CONVERSION = YES;
				CLANG_WARN_NON_LITERAL_NULL_CONVERSION = YES;
				CLANG_WARN_OBJC_IMPLICIT_RETAIN_SELF = YES;
				CLANG_WARN_OBJC_LITERAL_CONVERSION = YES;
				CLANG_WARN_OBJC_ROOT_CLASS = YES_ERROR;
				CLANG_WARN_QUOTED_INCLUDE_IN_FRAMEWORK_HEADER = YES;
				CLANG_WARN_RANGE_LOOP_ANALYSIS = YES;
				CLANG_WARN_STRICT_PROTOTYPES = YES;
				CLANG_WARN_SUSPICIOUS_MOVE = YES;
				CLANG_WARN_UNGUARDED_AVAILABILITY = YES_AGGRESSIVE;
				CLANG_WARN_UNREACHABLE_CODE = YES;
				CLANG_WARN__DUPLICATE_METHOD_MATCH = YES;
				COPY_PHASE_STRIP = NO;
				DEBUG_INFORMATION_FORMAT = "dwarf-with-dsym";
				DEVELOPMENT_TEAM = 5BYCYDNA22;
				ENABLE_NS_ASSERTIONS = NO;
				ENABLE_STRICT_OBJC_MSGSEND = YES;
				ENABLE_USER_SCRIPT_SANDBOXING = YES;
				GCC_C_LANGUAGE_STANDARD = gnu17;
				GCC_NO_COMMON_BLOCKS = YES;
				GCC_WARN_64_TO_32_BIT_CONVERSION = YES;
				GCC_WARN_ABOUT_RETURN_TYPE = YES_ERROR;
				GCC_WARN_UNDECLARED_SELECTOR = YES;
				GCC_WARN_UNINITIALIZED_AUTOS = YES_AGGRESSIVE;
				GCC_WARN_UNUSED_FUNCTION = YES;
				GCC_WARN_UNUSED_VARIABLE = YES;
				IPHONEOS_DEPLOYMENT_TARGET = 26.5;
				LOCALIZATION_PREFERS_STRING_CATALOGS = YES;
				MTL_ENABLE_DEBUG_INFO = NO;
				MTL_FAST_MATH = YES;
				SDKROOT = iphoneos;
				SWIFT_COMPILATION_MODE = wholemodule;
				VALIDATE_PRODUCT = YES;
			};
			name = Release;
		};
		C669AD4130071A8F00288310 /* Debug */ = {
			isa = XCBuildConfiguration;
			buildSettings = {
				ASSETCATALOG_COMPILER_APPICON_NAME = AppIcon;
				ASSETCATALOG_COMPILER_GLOBAL_ACCENT_COLOR_NAME = AccentColor;
				CODE_SIGN_STYLE = Automatic;
				CURRENT_PROJECT_VERSION = 1;
				DEVELOPMENT_TEAM = 5BYCYDNA22;
				ENABLE_PREVIEWS = YES;
				GATEWAY_BASE_URL = "http://192.168.68.84:4000";
				GENERATE_INFOPLIST_FILE = YES;
				INFOPLIST_FILE = BankSmartAI/Info.plist;
				INFOPLIST_KEY_UIApplicationSceneManifest_Generation = YES;
				INFOPLIST_KEY_UIApplicationSupportsIndirectInputEvents = YES;
				INFOPLIST_KEY_UILaunchScreen_Generation = YES;
				INFOPLIST_KEY_UISupportedInterfaceOrientations_iPad = "UIInterfaceOrientationPortrait UIInterfaceOrientationPortraitUpsideDown UIInterfaceOrientationLandscapeLeft UIInterfaceOrientationLandscapeRight";
				INFOPLIST_KEY_UISupportedInterfaceOrientations_iPhone = "UIInterfaceOrientationPortrait UIInterfaceOrientationLandscapeLeft UIInterfaceOrientationLandscapeRight";
				LD_RUNPATH_SEARCH_PATHS = (
					"$(inherited)",
					"@executable_path/Frameworks",
				);
				MARKETING_VERSION = 1.0;
				NEW_SETTING = "";
				PRODUCT_BUNDLE_IDENTIFIER = com.rgb16.BankSmartAI;
				PRODUCT_NAME = "$(TARGET_NAME)";
				STRING_CATALOG_GENERATE_SYMBOLS = YES;
				SWIFT_APPROACHABLE_CONCURRENCY = YES;
				SWIFT_DEFAULT_ACTOR_ISOLATION = MainActor;
				SWIFT_EMIT_LOC_STRINGS = YES;
				SWIFT_UPCOMING_FEATURE_MEMBER_IMPORT_VISIBILITY = YES;
				SWIFT_VERSION = 5.0;
				TARGETED_DEVICE_FAMILY = "1,2";
			};
			name = Debug;
		};
		C669AD4230071A8F00288310 /* Release */ = {
			isa = XCBuildConfiguration;
			buildSettings = {
				ASSETCATALOG_COMPILER_APPICON_NAME = AppIcon;
				ASSETCATALOG_COMPILER_GLOBAL_ACCENT_COLOR_NAME = AccentColor;
				CODE_SIGN_STYLE = Automatic;
				CURRENT_PROJECT_VERSION = 1;
				DEVELOPMENT_TEAM = 5BYCYDNA22;
				ENABLE_PREVIEWS = YES;
				GATEWAY_BASE_URL = "http://192.168.68.84:4000";
				GENERATE_INFOPLIST_FILE = YES;
				INFOPLIST_FILE = BankSmartAI/Info.plist;
				INFOPLIST_KEY_UIApplicationSceneManifest_Generation = YES;
				INFOPLIST_KEY_UIApplicationSupportsIndirectInputEvents = YES;
				INFOPLIST_KEY_UILaunchScreen_Generation = YES;
				INFOPLIST_KEY_UISupportedInterfaceOrientations_iPad = "UIInterfaceOrientationPortrait UIInterfaceOrientationPortraitUpsideDown UIInterfaceOrientationLandscapeLeft UIInterfaceOrientationLandscapeRight";
				INFOPLIST_KEY_UISupportedInterfaceOrientations_iPhone = "UIInterfaceOrientationPortrait UIInterfaceOrientationLandscapeLeft UIInterfaceOrientationLandscapeRight";
				LD_RUNPATH_SEARCH_PATHS = (
					"$(inherited)",
					"@executable_path/Frameworks",
				);
				MARKETING_VERSION = 1.0;
				NEW_SETTING = "";
				PRODUCT_BUNDLE_IDENTIFIER = com.rgb16.BankSmartAI;
				PRODUCT_NAME = "$(TARGET_NAME)";
				STRING_CATALOG_GENERATE_SYMBOLS = YES;
				SWIFT_APPROACHABLE_CONCURRENCY = YES;
				SWIFT_DEFAULT_ACTOR_ISOLATION = MainActor;
				SWIFT_EMIT_LOC_STRINGS = YES;
				SWIFT_UPCOMING_FEATURE_MEMBER_IMPORT_VISIBILITY = YES;
				SWIFT_VERSION = 5.0;
				TARGETED_DEVICE_FAMILY = "1,2";
			};
			name = Release;
		};
		C669AD4430071A8F00288310 /* Debug */ = {
			isa = XCBuildConfiguration;
			buildSettings = {
				BUNDLE_LOADER = "$(TEST_HOST)";
				CODE_SIGN_STYLE = Automatic;
				CURRENT_PROJECT_VERSION = 1;
				DEVELOPMENT_TEAM = 5BYCYDNA22;
				GENERATE_INFOPLIST_FILE = YES;
				IPHONEOS_DEPLOYMENT_TARGET = 26.5;
				MARKETING_VERSION = 1.0;
				PRODUCT_BUNDLE_IDENTIFIER = com.rgb16.BankSmartAITests;
				PRODUCT_NAME = "$(TARGET_NAME)";
				STRING_CATALOG_GENERATE_SYMBOLS = NO;
				SWIFT_APPROACHABLE_CONCURRENCY = YES;
				SWIFT_EMIT_LOC_STRINGS = NO;
				SWIFT_UPCOMING_FEATURE_MEMBER_IMPORT_VISIBILITY = YES;
				SWIFT_VERSION = 5.0;
				TARGETED_DEVICE_FAMILY = "1,2";
				TEST_HOST = "$(BUILT_PRODUCTS_DIR)/BankSmartAI.app/$(BUNDLE_EXECUTABLE_FOLDER_PATH)/BankSmartAI";
			};
			name = Debug;
		};
		C669AD4530071A8F00288310 /* Release */ = {
			isa = XCBuildConfiguration;
			buildSettings = {
				BUNDLE_LOADER = "$(TEST_HOST)";
				CODE_SIGN_STYLE = Automatic;
				CURRENT_PROJECT_VERSION = 1;
				DEVELOPMENT_TEAM = 5BYCYDNA22;
				GENERATE_INFOPLIST_FILE = YES;
				IPHONEOS_DEPLOYMENT_TARGET = 26.5;
				MARKETING_VERSION = 1.0;
				PRODUCT_BUNDLE_IDENTIFIER = com.rgb16.BankSmartAITests;
				PRODUCT_NAME = "$(TARGET_NAME)";
				STRING_CATALOG_GENERATE_SYMBOLS = NO;
				SWIFT_APPROACHABLE_CONCURRENCY = YES;
				SWIFT_EMIT_LOC_STRINGS = NO;
				SWIFT_UPCOMING_FEATURE_MEMBER_IMPORT_VISIBILITY = YES;
				SWIFT_VERSION = 5.0;
				TARGETED_DEVICE_FAMILY = "1,2";
				TEST_HOST = "$(BUILT_PRODUCTS_DIR)/BankSmartAI.app/$(BUNDLE_EXECUTABLE_FOLDER_PATH)/BankSmartAI";
			};
			name = Release;
		};
		C669AD4730071A8F00288310 /* Debug */ = {
			isa = XCBuildConfiguration;
			buildSettings = {
				CODE_SIGN_STYLE = Automatic;
				CURRENT_PROJECT_VERSION = 1;
				DEVELOPMENT_TEAM = 5BYCYDNA22;
				GENERATE_INFOPLIST_FILE = YES;
				MARKETING_VERSION = 1.0;
				PRODUCT_BUNDLE_IDENTIFIER = com.rgb16.BankSmartAIUITests;
				PRODUCT_NAME = "$(TARGET_NAME)";
				STRING_CATALOG_GENERATE_SYMBOLS = NO;
				SWIFT_APPROACHABLE_CONCURRENCY = YES;
				SWIFT_EMIT_LOC_STRINGS = NO;
				SWIFT_UPCOMING_FEATURE_MEMBER_IMPORT_VISIBILITY = YES;
				SWIFT_VERSION = 5.0;
				TARGETED_DEVICE_FAMILY = "1,2";
				TEST_TARGET_NAME = BankSmartAI;
			};
			name = Debug;
		};
		C669AD4830071A8F00288310 /* Release */ = {
			isa = XCBuildConfiguration;
			buildSettings = {
				CODE_SIGN_STYLE = Automatic;
				CURRENT_PROJECT_VERSION = 1;
				DEVELOPMENT_TEAM = 5BYCYDNA22;
				GENERATE_INFOPLIST_FILE = YES;
				MARKETING_VERSION = 1.0;
				PRODUCT_BUNDLE_IDENTIFIER = com.rgb16.BankSmartAIUITests;
				PRODUCT_NAME = "$(TARGET_NAME)";
				STRING_CATALOG_GENERATE_SYMBOLS = NO;
				SWIFT_APPROACHABLE_CONCURRENCY = YES;
				SWIFT_EMIT_LOC_STRINGS = NO;
				SWIFT_UPCOMING_FEATURE_MEMBER_IMPORT_VISIBILITY = YES;
				SWIFT_VERSION = 5.0;
				TARGETED_DEVICE_FAMILY = "1,2";
				TEST_TARGET_NAME = BankSmartAI;
			};
			name = Release;
		};
/* End XCBuildConfiguration section */

/* Begin XCConfigurationList section */
		C669AD1A30071A8D00288310 /* Build configuration list for PBXProject "BankSmartAI" */ = {
			isa = XCConfigurationList;
			buildConfigurations = (
				C669AD3E30071A8F00288310 /* Debug */,
				C669AD3F30071A8F00288310 /* Release */,
			);
			defaultConfigurationIsVisible = 0;
			defaultConfigurationName = Release;
		};
		C669AD4030071A8F00288310 /* Build configuration list for PBXNativeTarget "BankSmartAI" */ = {
			isa = XCConfigurationList;
			buildConfigurations = (
				C669AD4130071A8F00288310 /* Debug */,
				C669AD4230071A8F00288310 /* Release */,
			);
			defaultConfigurationIsVisible = 0;
			defaultConfigurationName = Release;
		};
		C669AD4330071A8F00288310 /* Build configuration list for PBXNativeTarget "BankSmartAITests" */ = {
			isa = XCConfigurationList;
			buildConfigurations = (
				C669AD4430071A8F00288310 /* Debug */,
				C669AD4530071A8F00288310 /* Release */,
			);
			defaultConfigurationIsVisible = 0;
			defaultConfigurationName = Release;
		};
		C669AD4630071A8F00288310 /* Build configuration list for PBXNativeTarget "BankSmartAIUITests" */ = {
			isa = XCConfigurationList;
			buildConfigurations = (
				C669AD4730071A8F00288310 /* Debug */,
				C669AD4830071A8F00288310 /* Release */,
			);
			defaultConfigurationIsVisible = 0;
			defaultConfigurationName = Release;
		};
/* End XCConfigurationList section */

/* Begin XCLocalSwiftPackageReference section */
		C669AD5530097C4800288310 /* XCLocalSwiftPackageReference "Packages/BankNetworking" */ = {
			isa = XCLocalSwiftPackageReference;
			relativePath = Packages/BankNetworking;
		};
		C669AD6230097D7B00288310 /* XCLocalSwiftPackageReference "Packages/BankAuth" */ = {
			isa = XCLocalSwiftPackageReference;
			relativePath = Packages/BankAuth;
		};
		C669AD6330097D9700288310 /* XCLocalSwiftPackageReference "Packages/BankDesign" */ = {
			isa = XCLocalSwiftPackageReference;
			relativePath = Packages/BankDesign;
		};
		C669AD6430097DC500288310 /* XCLocalSwiftPackageReference "Packages/BankTransfers" */ = {
			isa = XCLocalSwiftPackageReference;
			relativePath = Packages/BankTransfers;
		};
		C669AD6530097DD900288310 /* XCLocalSwiftPackageReference "Packages/BankTreasury" */ = {
			isa = XCLocalSwiftPackageReference;
			relativePath = Packages/BankTreasury;
		};
		C669AD663009803100288310 /* XCLocalSwiftPackageReference "Packages/BankCore" */ = {
			isa = XCLocalSwiftPackageReference;
			relativePath = Packages/BankCore;
		};
/* End XCLocalSwiftPackageReference section */

/* Begin XCSwiftPackageProductDependency section */
		C6D01895300E7EE600002D72 /* BankAuth */ = {
			isa = XCSwiftPackageProductDependency;
			package = C669AD6230097D7B00288310 /* XCLocalSwiftPackageReference "Packages/BankAuth" */;
			productName = BankAuth;
		};
		C6D0189E300E800700002D72 /* BankNetworking */ = {
			isa = XCSwiftPackageProductDependency;
			package = C669AD5530097C4800288310 /* XCLocalSwiftPackageReference "Packages/BankNetworking" */;
			productName = BankNetworking;
		};
		C6D018A0300E801200002D72 /* BankDesign */ = {
			isa = XCSwiftPackageProductDependency;
			package = C669AD6330097D9700288310 /* XCLocalSwiftPackageReference "Packages/BankDesign" */;
			productName = BankDesign;
		};
		C6D018A2300E801B00002D72 /* BankCore */ = {
			isa = XCSwiftPackageProductDependency;
			package = C669AD663009803100288310 /* XCLocalSwiftPackageReference "Packages/BankCore" */;
			productName = BankCore;
		};
/* End XCSwiftPackageProductDependency section */
	};
	rootObject = C669AD1730071A8D00288310 /* Project object */;
}
